
Microsoft Visual Studio Solution File, Format Version 12.00
# Visual Studio Version 16
VisualStudioVersion = 16.0.29728.190
MinimumVisualStudioVersion = 10.0.40219.1
Project("{9A19103F-16F7-4668-BE54-9A1E7A4F7556}") = "SpeDotNetPerform", "SpeDotNetPerform\SpeDotNetPerform.csproj", "{3E02671A-7737-4CD2-B89B-2FBF4CD4EB63}"
EndProject
Project("{2150E333-8FDC-42A3-9474-1A3956D46DE8}") = "SolutionFiles", "SolutionFiles", "{173F2359-CDC3-43EE-A571-6507C240D6E4}"
EndProject
Project("{2150E333-8FDC-42A3-9474-1A3956D46DE8}") = "Repository Files", "Repository Files", "{58414E3D-550A-4479-AF20-0736D98C6733}"
	ProjectSection(SolutionItems) = preProject
		..\.gitignore = ..\.gitignore
		..\LICENSE = ..\LICENSE
		..\README.md = ..\README.md
	EndProjectSection
EndProject
Project("{9A19103F-16F7-4668-BE54-9A1E7A4F7556}") = "DotNetPerformTests", "..\DotNetPerformTests\DotNetPerformTests.csproj", "{5C49309B-E32A-432B-93B5-F742AFFC0ACF}"
EndProject
Project("{FAE04EC0-301F-11D3-BF4B-00C04F79EFBC}") = "DotNetPerformBenchmarks", "DotNetPerformBenchmarks\DotNetPerformBenchmarks.csproj", "{0CEB6BFB-0B99-4864-8FBB-8A736150B266}"
EndProject
Global
	GlobalSection(SolutionConfigurationPlatforms) = preSolution
		Debug|Any CPU = Debug|Any CPU
		Release|Any CPU = Release|Any CPU
	EndGlobalSection
	GlobalSection(ProjectConfigurationPlatforms) = postSolution
		{3E02671A-7737-4CD2-B89B-2FBF4CD4EB63}.Debug|Any CPU.ActiveCfg = Debug|Any CPU
		{3E02671A-7737-4CD2-B89B-2FBF4CD4EB63}.Debug|Any CPU.Build.0 = Debug|Any CPU
		{3E02671A-7737-4CD2-B89B-2FBF4CD4EB63}.Release|Any CPU.ActiveCfg = Release|Any CPU
		{3E02671A-7737-4CD2-B89B-2FBF4CD4EB63}.Release|Any CPU.Build.0 = Release|Any CPU
		{5C49309B-E32A-432B-93B5-F742AFFC0ACF}.Debug|Any CPU.ActiveCfg = Debug|Any CPU
		{5C49309B-E32A-432B-93B5-F742AFFC0ACF}.Debug|Any CPU.Build.0 = Debug|Any CPU
		{5C49309B-E32A-432B-93B5-F742AFFC0ACF}.Release|Any CPU.ActiveCfg = Release|Any CPU
		{5C49309B-E32A-432B-93B5-F742AFFC0ACF}.Release|Any CPU.Build.0 = Release|Any CPU
		{0CEB6BFB-0B99-4864-8FBB-8A736150B266}.Debug|Any CPU.ActiveCfg = Debug|Any CPU
		{0CEB6BFB-0B99-4864-8FBB-8A736150B266}.Debug|Any CPU.Build.0 = Debug|Any CPU
		{0CEB6BFB-0B99-4864-8FBB-8A736150B266}.Release|Any CPU.ActiveCfg = Release|Any CPU
		{0CEB6BFB-0B99-4864-8FBB-8A736150B266}.Release|Any CPU.Build.0 = Release|Any CPU
	EndGlobalSection
	GlobalSection(SolutionProperties) = preSolution
		HideSolutionNode = FALSE
	EndGlobalSection
	GlobalSection(ExtensibilityGlobals) = postSolution
		SolutionGuid = {5DAE1632-A496-4AED-95E5-567B689B1055}
	EndGlobalSection
EndGlobal
